
Microsoft Visual Studio Solution File, Format Version 12.00
# Visual Studio 2012
VisualStudioVersion = 12.0.31101.0
MinimumVisualStudioVersion = 10.0.40219.1
Project("{FAE04EC0-301F-11D3-BF4B-00C04F79EFBC}") = "SQLReformatter", "SQLReformatter\SQLReformatter.csproj", "{43D32ED4-D672-4AF4-82C5-BCC04885EF08}"
EndProject
Project("{2150E333-8FDC-42A3-9474-1A3956D46DE8}") = ".nuget", ".nuget", "{77570B23-C97A-413B-88D7-32A249922B07}"
	ProjectSection(SolutionItems) = preProject
		.nuget\NuGet.Config = .nuget\NuGet.Config
		.nuget\NuGet.exe = .nuget\NuGet.exe
		.nuget\NuGet.targets = .nuget\NuGet.targets
		.nuget\packages.config = .nuget\packages.config
	EndProjectSection
EndProject
Project("{FAE04EC0-301F-11D3-BF4B-00C04F79EFBC}") = "DBBuilder", "DBBuilder\DBBuilder.csproj", "{AF66710E-B249-4DE1-84C8-7A788783DF38}"
EndProject
Global
	GlobalSection(SolutionConfigurationPlatforms) = preSolution
		Debug|Any CPU = Debug|Any CPU
		Release|Any CPU = Release|Any CPU
		Debug|x86 = Debug|x86
		Release|x86 = Release|x86
	EndGlobalSection
	GlobalSection(ProjectConfigurationPlatforms) = postSolution
		{43D32ED4-D672-4AF4-82C5-BCC04885EF08}.Debug|Any CPU.ActiveCfg = Debug|Any CPU
		{43D32ED4-D672-4AF4-82C5-BCC04885EF08}.Debug|Any CPU.Build.0 = Debug|Any CPU
		{43D32ED4-D672-4AF4-82C5-BCC04885EF08}.Debug|x86.ActiveCfg = Debug|Any CPU
		{43D32ED4-D672-4AF4-82C5-BCC04885EF08}.Debug|x86.Build.0 = Debug|Any CPU
		{43D32ED4-D672-4AF4-82C5-BCC04885EF08}.Release|Any CPU.ActiveCfg = Release|Any CPU
		{43D32ED4-D672-4AF4-82C5-BCC04885EF08}.Release|Any CPU.Build.0 = Release|Any CPU
		{43D32ED4-D672-4AF4-82C5-BCC04885EF08}.Release|x86.ActiveCfg = Release|Any CPU
		{43D32ED4-D672-4AF4-82C5-BCC04885EF08}.Release|x86.Build.0 = Release|Any CPU
		{AF66710E-B249-4DE1-84C8-7A788783DF38}.Debug|Any CPU.ActiveCfg = Debug|x86
		{AF66710E-B249-4DE1-84C8-7A788783DF38}.Debug|Any CPU.Build.0 = Debug|x86
		{AF66710E-B249-4DE1-84C8-7A788783DF38}.Debug|x86.ActiveCfg = Debug|x86
		{AF66710E-B249-4DE1-84C8-7A788783DF38}.Debug|x86.Build.0 = Debug|x86
		{AF66710E-B249-4DE1-84C8-7A788783DF38}.Release|Any CPU.ActiveCfg = Release|x86
		{AF66710E-B249-4DE1-84C8-7A788783DF38}.Release|Any CPU.Build.0 = Release|x86
		{AF66710E-B249-4DE1-84C8-7A788783DF38}.Release|x86.ActiveCfg = Release|x86
		{AF66710E-B249-4DE1-84C8-7A788783DF38}.Release|x86.Build.0 = Release|x86
	EndGlobalSection
	GlobalSection(NestedProjects) = preSolution
	EndGlobalSection
	GlobalSection(SolutionProperties) = preSolution
		HideSolutionNode = FALSE
	EndGlobalSection
EndGlobal
